// !$*UTF8*$!
{
	archiveVersion = 1;
	classes = {
	};
	objectVersion = 56;
	objects = {

/* Begin PBXBuildFile section */
		C7273B9B2AD2E71E004B7A6F /* RegisterCollectionViewCell.swift in Sources */ = {isa = PBXBuildFile; fileRef = C7273B9A2AD2E71E004B7A6F /* RegisterCollectionViewCell.swift */; };
		C7273B9E2AD427B8004B7A6F /* UITextField+.swift in Sources */ = {isa = PBXBuildFile; fileRef = C7273B9D2AD427B8004B7A6F /* UITextField+.swift */; };
		C7273BA12AD43DC2004B7A6F /* PetClassModel.swift in Sources */ = {isa = PBXBuildFile; fileRef = C7273BA02AD43DC2004B7A6F /* PetClassModel.swift */; };
		C7273BA32AD43F10004B7A6F /* PetSpeciesModel.swift in Sources */ = {isa = PBXBuildFile; fileRef = C7273BA22AD43F10004B7A6F /* PetSpeciesModel.swift */; };
		C7273BA52AD43FB4004B7A6F /* DetailPetSpeciesModel.swift in Sources */ = {isa = PBXBuildFile; fileRef = C7273BA42AD43FB4004B7A6F /* DetailPetSpeciesModel.swift */; };
		C7273BA72AD44016004B7A6F /* GenderModel.swift in Sources */ = {isa = PBXBuildFile; fileRef = C7273BA62AD44016004B7A6F /* GenderModel.swift */; };
		C7273BA92AD44048004B7A6F /* PetModel.swift in Sources */ = {isa = PBXBuildFile; fileRef = C7273BA82AD44048004B7A6F /* PetModel.swift */; };
		C7273BAB2AD444B5004B7A6F /* MorphModel.swift in Sources */ = {isa = PBXBuildFile; fileRef = C7273BAA2AD444B5004B7A6F /* MorphModel.swift */; };
		C7273BAD2AD4D8CC004B7A6F /* PetOverSpeciesModel.swift in Sources */ = {isa = PBXBuildFile; fileRef = C7273BAC2AD4D8CC004B7A6F /* PetOverSpeciesModel.swift */; };
		C7273BAF2AD55D18004B7A6F /* DatePickerButton.swift in Sources */ = {isa = PBXBuildFile; fileRef = C7273BAE2AD55D18004B7A6F /* DatePickerButton.swift */; };
		C76A01EA2AD264FC0024D008 /* RealmSpeciesStorage.swift in Sources */ = {isa = PBXBuildFile; fileRef = C76A01E92AD264FC0024D008 /* RealmSpeciesStorage.swift */; };
		C76A01EC2AD265FB0024D008 /* SpeciesStorage.swift in Sources */ = {isa = PBXBuildFile; fileRef = C76A01EB2AD265FB0024D008 /* SpeciesStorage.swift */; };
		C76A01EE2AD2676B0024D008 /* PetClassResponseDTO.swift in Sources */ = {isa = PBXBuildFile; fileRef = C76A01ED2AD2676B0024D008 /* PetClassResponseDTO.swift */; };
		C76A01F22AD26E550024D008 /* DetailSpecies.swift in Sources */ = {isa = PBXBuildFile; fileRef = C76A01F12AD26E550024D008 /* DetailSpecies.swift */; };
		C76A01F42AD26E940024D008 /* DetailSpeciesRequest+ResponseDTO.swift in Sources */ = {isa = PBXBuildFile; fileRef = C76A01F32AD26E940024D008 /* DetailSpeciesRequest+ResponseDTO.swift */; };
		C7A4C3092ACC18A300E299B0 /* PetClassCollectionViewCell.swift in Sources */ = {isa = PBXBuildFile; fileRef = C7A4C3072ACC18A300E299B0 /* PetClassCollectionViewCell.swift */; };
		C7A4C30A2ACC18A300E299B0 /* PetCollectionViewCell.swift in Sources */ = {isa = PBXBuildFile; fileRef = C7A4C3082ACC18A300E299B0 /* PetCollectionViewCell.swift */; };
		C7B499DA2AD2819B00DD325F /* MorphReqeust+ResponseDTO.swift in Sources */ = {isa = PBXBuildFile; fileRef = C7B499D92AD2819B00DD325F /* MorphReqeust+ResponseDTO.swift */; };
		C7D152462AC51B270064D59F /* AppDelegate.swift in Sources */ = {isa = PBXBuildFile; fileRef = C7D152452AC51B270064D59F /* AppDelegate.swift */; };
		C7D152482AC51B270064D59F /* SceneDelegate.swift in Sources */ = {isa = PBXBuildFile; fileRef = C7D152472AC51B270064D59F /* SceneDelegate.swift */; };
		C7D1524F2AC51B280064D59F /* Assets.xcassets in Resources */ = {isa = PBXBuildFile; fileRef = C7D1524E2AC51B280064D59F /* Assets.xcassets */; };
		C7D152522AC51B280064D59F /* LaunchScreen.storyboard in Resources */ = {isa = PBXBuildFile; fileRef = C7D152502AC51B280064D59F /* LaunchScreen.storyboard */; };
		C7D1525E2AC6E7AC0064D59F /* Color.swift in Sources */ = {isa = PBXBuildFile; fileRef = C7D1525D2AC6E7AC0064D59F /* Color.swift */; };
		C7D152622AC70B3E0064D59F /* PetListViewController.swift in Sources */ = {isa = PBXBuildFile; fileRef = C7D152612AC70B3E0064D59F /* PetListViewController.swift */; };
		C7D152652AC7DADC0064D59F /* Realm in Frameworks */ = {isa = PBXBuildFile; productRef = C7D152642AC7DADC0064D59F /* Realm */; };
		C7D152672AC7DADC0064D59F /* RealmSwift in Frameworks */ = {isa = PBXBuildFile; productRef = C7D152662AC7DADC0064D59F /* RealmSwift */; };
		C7D152912AC7F9E40064D59F /* RxCocoa in Frameworks */ = {isa = PBXBuildFile; productRef = C7D152902AC7F9E40064D59F /* RxCocoa */; };
		C7D152952AC7F9E40064D59F /* RxRelay in Frameworks */ = {isa = PBXBuildFile; productRef = C7D152942AC7F9E40064D59F /* RxRelay */; };
		C7D152992AC7F9E40064D59F /* RxSwift in Frameworks */ = {isa = PBXBuildFile; productRef = C7D152982AC7F9E40064D59F /* RxSwift */; };
		C7D1529E2AC7FAE80064D59F /* SnapKit in Frameworks */ = {isa = PBXBuildFile; productRef = C7D1529D2AC7FAE80064D59F /* SnapKit */; };
		C7D152A22AC855F60064D59F /* PetClassObject.swift in Sources */ = {isa = PBXBuildFile; fileRef = C7D152A12AC855F60064D59F /* PetClassObject.swift */; };
		C7D152A82AC8F9D60064D59F /* PetSpeciesObject.swift in Sources */ = {isa = PBXBuildFile; fileRef = C7D152A72AC8F9D60064D59F /* PetSpeciesObject.swift */; };
		C7D152AA2AC91E320064D59F /* PetObject.swift in Sources */ = {isa = PBXBuildFile; fileRef = C7D152A92AC91E320064D59F /* PetObject.swift */; };
		C7D152D12AC93B3D0064D59F /* WeightObject.swift in Sources */ = {isa = PBXBuildFile; fileRef = C7D152D02AC93B3D0064D59F /* WeightObject.swift */; };
		C7D152D52AC998900064D59F /* FetchPetListUseCase.swift in Sources */ = {isa = PBXBuildFile; fileRef = C7D152D42AC998900064D59F /* FetchPetListUseCase.swift */; };
		C7D152D92AC999350064D59F /* PetClass.swift in Sources */ = {isa = PBXBuildFile; fileRef = C7D152D82AC999350064D59F /* PetClass.swift */; };
		C7D152DB2AC999AB0064D59F /* Species.swift in Sources */ = {isa = PBXBuildFile; fileRef = C7D152DA2AC999AB0064D59F /* Species.swift */; };
		C7D152DD2AC99B950064D59F /* Pet.swift in Sources */ = {isa = PBXBuildFile; fileRef = C7D152DC2AC99B950064D59F /* Pet.swift */; };
		C7D152DF2AC99BF90064D59F /* Morph.swift in Sources */ = {isa = PBXBuildFile; fileRef = C7D152DE2AC99BF90064D59F /* Morph.swift */; };
		C7D152E12AC99F980064D59F /* Gender.swift in Sources */ = {isa = PBXBuildFile; fileRef = C7D152E02AC99F980064D59F /* Gender.swift */; };
		C7D152E42AC9A7F00064D59F /* Weight.swift in Sources */ = {isa = PBXBuildFile; fileRef = C7D152E32AC9A7F00064D59F /* Weight.swift */; };
		C7D152E62AC9B5100064D59F /* PetRepository.swift in Sources */ = {isa = PBXBuildFile; fileRef = C7D152E52AC9B5100064D59F /* PetRepository.swift */; };
		C7D152EC2ACA5EA70064D59F /* Rule.swift in Sources */ = {isa = PBXBuildFile; fileRef = C7D152EB2ACA5EA70064D59F /* Rule.swift */; };
		C7D152EF2ACAA4250064D59F /* BaseViewController.swift in Sources */ = {isa = PBXBuildFile; fileRef = C7D152EE2ACAA4250064D59F /* BaseViewController.swift */; };
		C7D152F22ACAA5B90064D59F /* PetListView.swift in Sources */ = {isa = PBXBuildFile; fileRef = C7D152F12ACAA5B90064D59F /* PetListView.swift */; };
		C7F5F4132ACD400700ACFC76 /* PetListViewModel.swift in Sources */ = {isa = PBXBuildFile; fileRef = C7F5F4122ACD400700ACFC76 /* PetListViewModel.swift */; };
		C7F5F4162ACD403200ACFC76 /* PetClassItemViewModel.swift in Sources */ = {isa = PBXBuildFile; fileRef = C7F5F4152ACD403200ACFC76 /* PetClassItemViewModel.swift */; };
		C7F5F41C2ACD680400ACFC76 /* RegisterNewPetViewController.swift in Sources */ = {isa = PBXBuildFile; fileRef = C7F5F41B2ACD680400ACFC76 /* RegisterNewPetViewController.swift */; };
		C7F5F41F2ACE372D00ACFC76 /* RegisterPetView.swift in Sources */ = {isa = PBXBuildFile; fileRef = C7F5F41E2ACE372D00ACFC76 /* RegisterPetView.swift */; };
		C7F5F4212ACE551600ACFC76 /* ActionButton.swift in Sources */ = {isa = PBXBuildFile; fileRef = C7F5F4202ACE551600ACFC76 /* ActionButton.swift */; };
		C7F5F4232ACE5A2500ACFC76 /* CustomTextField.swift in Sources */ = {isa = PBXBuildFile; fileRef = C7F5F4222ACE5A2500ACFC76 /* CustomTextField.swift */; };
		C7F5F4252ACE5BA500ACFC76 /* RegisterInputView.swift in Sources */ = {isa = PBXBuildFile; fileRef = C7F5F4242ACE5BA500ACFC76 /* RegisterInputView.swift */; };
		C7F5F42A2ACE870300ACFC76 /* RegisterPetViewModel.swift in Sources */ = {isa = PBXBuildFile; fileRef = C7F5F4292ACE870300ACFC76 /* RegisterPetViewModel.swift */; };
		C7F5F42D2ACE873F00ACFC76 /* ClassSpeciesMorphViewController.swift in Sources */ = {isa = PBXBuildFile; fileRef = C7F5F42C2ACE873F00ACFC76 /* ClassSpeciesMorphViewController.swift */; };
		C7F5F4302ACE875900ACFC76 /* ClassSpeciesMorphViewModel.swift in Sources */ = {isa = PBXBuildFile; fileRef = C7F5F42F2ACE875900ACFC76 /* ClassSpeciesMorphViewModel.swift */; };
		C7F5F4332ACE87AA00ACFC76 /* SpeciesRepository.swift in Sources */ = {isa = PBXBuildFile; fileRef = C7F5F4322ACE87AA00ACFC76 /* SpeciesRepository.swift */; };
		C7F5F4362ACE8A6400ACFC76 /* SpeciesView.swift in Sources */ = {isa = PBXBuildFile; fileRef = C7F5F4352ACE8A6400ACFC76 /* SpeciesView.swift */; };
		C7F5F4392ACEEA9200ACFC76 /* DetailSpeciesObject.swift in Sources */ = {isa = PBXBuildFile; fileRef = C7F5F4382ACEEA9200ACFC76 /* DetailSpeciesObject.swift */; };
		C7F5F43B2ACF112700ACFC76 /* MorphObject.swift in Sources */ = {isa = PBXBuildFile; fileRef = C7F5F43A2ACF112700ACFC76 /* MorphObject.swift */; };
		C7F5F49C2ACFFB7000ACFC76 /* SpeciesCell.swift in Sources */ = {isa = PBXBuildFile; fileRef = C7F5F49B2ACFFB7000ACFC76 /* SpeciesCell.swift */; };
		C7F5F49F2AD03A2E00ACFC76 /* SpeciesHeaderView.swift in Sources */ = {isa = PBXBuildFile; fileRef = C7F5F49E2AD03A2E00ACFC76 /* SpeciesHeaderView.swift */; };
		C7F5F4A72AD1025300ACFC76 /* DefaultSpeciesRepository.swift in Sources */ = {isa = PBXBuildFile; fileRef = C7F5F4A62AD1025300ACFC76 /* DefaultSpeciesRepository.swift */; };
		C7F5F4AA2AD18FC200ACFC76 /* SpeciesRequest+ResponseDTO.swift in Sources */ = {isa = PBXBuildFile; fileRef = C7F5F4A92AD18FC200ACFC76 /* SpeciesRequest+ResponseDTO.swift */; };
		C7F5F4AC2AD1986200ACFC76 /* repcare.realm in Resources */ = {isa = PBXBuildFile; fileRef = C7F5F4AB2AD1986200ACFC76 /* repcare.realm */; };
/* End PBXBuildFile section */

/* Begin PBXFileReference section */
		C7273B9A2AD2E71E004B7A6F /* RegisterCollectionViewCell.swift */ = {isa = PBXFileReference; lastKnownFileType = sourcecode.swift; path = RegisterCollectionViewCell.swift; sourceTree = "<group>"; };
		C7273B9D2AD427B8004B7A6F /* UITextField+.swift */ = {isa = PBXFileReference; lastKnownFileType = sourcecode.swift; path = "UITextField+.swift"; sourceTree = "<group>"; };
		C7273BA02AD43DC2004B7A6F /* PetClassModel.swift */ = {isa = PBXFileReference; lastKnownFileType = sourcecode.swift; path = PetClassModel.swift; sourceTree = "<group>"; };
		C7273BA22AD43F10004B7A6F /* PetSpeciesModel.swift */ = {isa = PBXFileReference; lastKnownFileType = sourcecode.swift; path = PetSpeciesModel.swift; sourceTree = "<group>"; };
		C7273BA42AD43FB4004B7A6F /* DetailPetSpeciesModel.swift */ = {isa = PBXFileReference; lastKnownFileType = sourcecode.swift; path = DetailPetSpeciesModel.swift; sourceTree = "<group>"; };
		C7273BA62AD44016004B7A6F /* GenderModel.swift */ = {isa = PBXFileReference; lastKnownFileType = sourcecode.swift; path = GenderModel.swift; sourceTree = "<group>"; };
		C7273BA82AD44048004B7A6F /* PetModel.swift */ = {isa = PBXFileReference; lastKnownFileType = sourcecode.swift; path = PetModel.swift; sourceTree = "<group>"; };
		C7273BAA2AD444B5004B7A6F /* MorphModel.swift */ = {isa = PBXFileReference; lastKnownFileType = sourcecode.swift; path = MorphModel.swift; sourceTree = "<group>"; };
		C7273BAC2AD4D8CC004B7A6F /* PetOverSpeciesModel.swift */ = {isa = PBXFileReference; lastKnownFileType = sourcecode.swift; path = PetOverSpeciesModel.swift; sourceTree = "<group>"; };
		C7273BAE2AD55D18004B7A6F /* DatePickerButton.swift */ = {isa = PBXFileReference; lastKnownFileType = sourcecode.swift; path = DatePickerButton.swift; sourceTree = "<group>"; };
		C76A01E92AD264FC0024D008 /* RealmSpeciesStorage.swift */ = {isa = PBXFileReference; lastKnownFileType = sourcecode.swift; path = RealmSpeciesStorage.swift; sourceTree = "<group>"; };
		C76A01EB2AD265FB0024D008 /* SpeciesStorage.swift */ = {isa = PBXFileReference; lastKnownFileType = sourcecode.swift; path = SpeciesStorage.swift; sourceTree = "<group>"; };
		C76A01ED2AD2676B0024D008 /* PetClassResponseDTO.swift */ = {isa = PBXFileReference; lastKnownFileType = sourcecode.swift; path = PetClassResponseDTO.swift; sourceTree = "<group>"; };
		C76A01F12AD26E550024D008 /* DetailSpecies.swift */ = {isa = PBXFileReference; lastKnownFileType = sourcecode.swift; path = DetailSpecies.swift; sourceTree = "<group>"; };
		C76A01F32AD26E940024D008 /* DetailSpeciesRequest+ResponseDTO.swift */ = {isa = PBXFileReference; lastKnownFileType = sourcecode.swift; path = "DetailSpeciesRequest+ResponseDTO.swift"; sourceTree = "<group>"; };
		C7A4C3072ACC18A300E299B0 /* PetClassCollectionViewCell.swift */ = {isa = PBXFileReference; fileEncoding = 4; lastKnownFileType = sourcecode.swift; path = PetClassCollectionViewCell.swift; sourceTree = "<group>"; };
		C7A4C3082ACC18A300E299B0 /* PetCollectionViewCell.swift */ = {isa = PBXFileReference; fileEncoding = 4; lastKnownFileType = sourcecode.swift; path = PetCollectionViewCell.swift; sourceTree = "<group>"; };
		C7B499D92AD2819B00DD325F /* MorphReqeust+ResponseDTO.swift */ = {isa = PBXFileReference; lastKnownFileType = sourcecode.swift; path = "MorphReqeust+ResponseDTO.swift"; sourceTree = "<group>"; };
		C7D152422AC51B270064D59F /* RepCare.app */ = {isa = PBXFileReference; explicitFileType = wrapper.application; includeInIndex = 0; path = RepCare.app; sourceTree = BUILT_PRODUCTS_DIR; };
		C7D152452AC51B270064D59F /* AppDelegate.swift */ = {isa = PBXFileReference; lastKnownFileType = sourcecode.swift; path = AppDelegate.swift; sourceTree = "<group>"; };
		C7D152472AC51B270064D59F /* SceneDelegate.swift */ = {isa = PBXFileReference; lastKnownFileType = sourcecode.swift; path = SceneDelegate.swift; sourceTree = "<group>"; };
		C7D1524E2AC51B280064D59F /* Assets.xcassets */ = {isa = PBXFileReference; lastKnownFileType = folder.assetcatalog; path = Assets.xcassets; sourceTree = "<group>"; };
		C7D152512AC51B280064D59F /* Base */ = {isa = PBXFileReference; lastKnownFileType = file.storyboard; name = Base; path = Base.lproj/LaunchScreen.storyboard; sourceTree = "<group>"; };
		C7D152532AC51B280064D59F /* Info.plist */ = {isa = PBXFileReference; lastKnownFileType = text.plist.xml; path = Info.plist; sourceTree = "<group>"; };
		C7D1525D2AC6E7AC0064D59F /* Color.swift */ = {isa = PBXFileReference; lastKnownFileType = sourcecode.swift; path = Color.swift; sourceTree = "<group>"; };
		C7D152612AC70B3E0064D59F /* PetListViewController.swift */ = {isa = PBXFileReference; lastKnownFileType = sourcecode.swift; path = PetListViewController.swift; sourceTree = "<group>"; };
		C7D152A12AC855F60064D59F /* PetClassObject.swift */ = {isa = PBXFileReference; lastKnownFileType = sourcecode.swift; path = PetClassObject.swift; sourceTree = "<group>"; };
		C7D152A72AC8F9D60064D59F /* PetSpeciesObject.swift */ = {isa = PBXFileReference; lastKnownFileType = sourcecode.swift; path = PetSpeciesObject.swift; sourceTree = "<group>"; };
		C7D152A92AC91E320064D59F /* PetObject.swift */ = {isa = PBXFileReference; lastKnownFileType = sourcecode.swift; path = PetObject.swift; sourceTree = "<group>"; };
		C7D152D02AC93B3D0064D59F /* WeightObject.swift */ = {isa = PBXFileReference; lastKnownFileType = sourcecode.swift; path = WeightObject.swift; sourceTree = "<group>"; };
		C7D152D42AC998900064D59F /* FetchPetListUseCase.swift */ = {isa = PBXFileReference; lastKnownFileType = sourcecode.swift; path = FetchPetListUseCase.swift; sourceTree = "<group>"; };
		C7D152D82AC999350064D59F /* PetClass.swift */ = {isa = PBXFileReference; lastKnownFileType = sourcecode.swift; path = PetClass.swift; sourceTree = "<group>"; };
		C7D152DA2AC999AB0064D59F /* Species.swift */ = {isa = PBXFileReference; lastKnownFileType = sourcecode.swift; path = Species.swift; sourceTree = "<group>"; };
		C7D152DC2AC99B950064D59F /* Pet.swift */ = {isa = PBXFileReference; lastKnownFileType = sourcecode.swift; path = Pet.swift; sourceTree = "<group>"; };
		C7D152DE2AC99BF90064D59F /* Morph.swift */ = {isa = PBXFileReference; lastKnownFileType = sourcecode.swift; path = Morph.swift; sourceTree = "<group>"; };
		C7D152E02AC99F980064D59F /* Gender.swift */ = {isa = PBXFileReference; lastKnownFileType = sourcecode.swift; path = Gender.swift; sourceTree = "<group>"; };
		C7D152E32AC9A7F00064D59F /* Weight.swift */ = {isa = PBXFileReference; lastKnownFileType = sourcecode.swift; path = Weight.swift; sourceTree = "<group>"; };
		C7D152E52AC9B5100064D59F /* PetRepository.swift */ = {isa = PBXFileReference; lastKnownFileType = sourcecode.swift; path = PetRepository.swift; sourceTree = "<group>"; };
		C7D152EB2ACA5EA70064D59F /* Rule.swift */ = {isa = PBXFileReference; lastKnownFileType = sourcecode.swift; path = Rule.swift; sourceTree = "<group>"; };
		C7D152EE2ACAA4250064D59F /* BaseViewController.swift */ = {isa = PBXFileReference; lastKnownFileType = sourcecode.swift; path = BaseViewController.swift; sourceTree = "<group>"; };
		C7D152F12ACAA5B90064D59F /* PetListView.swift */ = {isa = PBXFileReference; lastKnownFileType = sourcecode.swift; path = PetListView.swift; sourceTree = "<group>"; };
		C7F5F4122ACD400700ACFC76 /* PetListViewModel.swift */ = {isa = PBXFileReference; lastKnownFileType = sourcecode.swift; path = PetListViewModel.swift; sourceTree = "<group>"; };
		C7F5F4152ACD403200ACFC76 /* PetClassItemViewModel.swift */ = {isa = PBXFileReference; lastKnownFileType = sourcecode.swift; path = PetClassItemViewModel.swift; sourceTree = "<group>"; };
		C7F5F41B2ACD680400ACFC76 /* RegisterNewPetViewController.swift */ = {isa = PBXFileReference; lastKnownFileType = sourcecode.swift; path = RegisterNewPetViewController.swift; sourceTree = "<group>"; };
		C7F5F41E2ACE372D00ACFC76 /* RegisterPetView.swift */ = {isa = PBXFileReference; lastKnownFileType = sourcecode.swift; path = RegisterPetView.swift; sourceTree = "<group>"; };
		C7F5F4202ACE551600ACFC76 /* ActionButton.swift */ = {isa = PBXFileReference; lastKnownFileType = sourcecode.swift; path = ActionButton.swift; sourceTree = "<group>"; };
		C7F5F4222ACE5A2500ACFC76 /* CustomTextField.swift */ = {isa = PBXFileReference; lastKnownFileType = sourcecode.swift; path = CustomTextField.swift; sourceTree = "<group>"; };
		C7F5F4242ACE5BA500ACFC76 /* RegisterInputView.swift */ = {isa = PBXFileReference; lastKnownFileType = sourcecode.swift; path = RegisterInputView.swift; sourceTree = "<group>"; };
		C7F5F4292ACE870300ACFC76 /* RegisterPetViewModel.swift */ = {isa = PBXFileReference; lastKnownFileType = sourcecode.swift; path = RegisterPetViewModel.swift; sourceTree = "<group>"; };
		C7F5F42C2ACE873F00ACFC76 /* ClassSpeciesMorphViewController.swift */ = {isa = PBXFileReference; lastKnownFileType = sourcecode.swift; path = ClassSpeciesMorphViewController.swift; sourceTree = "<group>"; };
		C7F5F42F2ACE875900ACFC76 /* ClassSpeciesMorphViewModel.swift */ = {isa = PBXFileReference; lastKnownFileType = sourcecode.swift; path = ClassSpeciesMorphViewModel.swift; sourceTree = "<group>"; };
		C7F5F4322ACE87AA00ACFC76 /* SpeciesRepository.swift */ = {isa = PBXFileReference; lastKnownFileType = sourcecode.swift; path = SpeciesRepository.swift; sourceTree = "<group>"; };
		C7F5F4352ACE8A6400ACFC76 /* SpeciesView.swift */ = {isa = PBXFileReference; lastKnownFileType = sourcecode.swift; path = SpeciesView.swift; sourceTree = "<group>"; };
		C7F5F4382ACEEA9200ACFC76 /* DetailSpeciesObject.swift */ = {isa = PBXFileReference; lastKnownFileType = sourcecode.swift; path = DetailSpeciesObject.swift; sourceTree = "<group>"; };
		C7F5F43A2ACF112700ACFC76 /* MorphObject.swift */ = {isa = PBXFileReference; lastKnownFileType = sourcecode.swift; path = MorphObject.swift; sourceTree = "<group>"; };
		C7F5F49B2ACFFB7000ACFC76 /* SpeciesCell.swift */ = {isa = PBXFileReference; lastKnownFileType = sourcecode.swift; path = SpeciesCell.swift; sourceTree = "<group>"; };
		C7F5F49E2AD03A2E00ACFC76 /* SpeciesHeaderView.swift */ = {isa = PBXFileReference; lastKnownFileType = sourcecode.swift; path = SpeciesHeaderView.swift; sourceTree = "<group>"; };
		C7F5F4A62AD1025300ACFC76 /* DefaultSpeciesRepository.swift */ = {isa = PBXFileReference; lastKnownFileType = sourcecode.swift; path = DefaultSpeciesRepository.swift; sourceTree = "<group>"; };
		C7F5F4A92AD18FC200ACFC76 /* SpeciesRequest+ResponseDTO.swift */ = {isa = PBXFileReference; lastKnownFileType = sourcecode.swift; path = "SpeciesRequest+ResponseDTO.swift"; sourceTree = "<group>"; };
		C7F5F4AB2AD1986200ACFC76 /* repcare.realm */ = {isa = PBXFileReference; lastKnownFileType = file; path = repcare.realm; sourceTree = "<group>"; };
/* End PBXFileReference section */

/* Begin PBXFrameworksBuildPhase section */
		C7D1523F2AC51B270064D59F /* Frameworks */ = {
			isa = PBXFrameworksBuildPhase;
			buildActionMask = 2147483647;
			files = (
				C7D152952AC7F9E40064D59F /* RxRelay in Frameworks */,
				C7D152912AC7F9E40064D59F /* RxCocoa in Frameworks */,
				C7D152672AC7DADC0064D59F /* RealmSwift in Frameworks */,
				C7D1529E2AC7FAE80064D59F /* SnapKit in Frameworks */,
				C7D152652AC7DADC0064D59F /* Realm in Frameworks */,
				C7D152992AC7F9E40064D59F /* RxSwift in Frameworks */,
			);
			runOnlyForDeploymentPostprocessing = 0;
		};
/* End PBXFrameworksBuildPhase section */

/* Begin PBXGroup section */
		C7273B9C2AD4279E004B7A6F /* Extension */ = {
			isa = PBXGroup;
			children = (
				C7273B9D2AD427B8004B7A6F /* UITextField+.swift */,
			);
			path = Extension;
			sourceTree = "<group>";
		};
		C7273B9F2AD43C22004B7A6F /* Model */ = {
			isa = PBXGroup;
			children = (
				C7273BA02AD43DC2004B7A6F /* PetClassModel.swift */,
				C7273BA22AD43F10004B7A6F /* PetSpeciesModel.swift */,
				C7273BA42AD43FB4004B7A6F /* DetailPetSpeciesModel.swift */,
				C7273BA62AD44016004B7A6F /* GenderModel.swift */,
				C7273BA82AD44048004B7A6F /* PetModel.swift */,
				C7273BAA2AD444B5004B7A6F /* MorphModel.swift */,
				C7273BAC2AD4D8CC004B7A6F /* PetOverSpeciesModel.swift */,
			);
			path = Model;
			sourceTree = "<group>";
		};
		C76A01E82AD264D00024D008 /* Storage */ = {
			isa = PBXGroup;
			children = (
				C76A01E92AD264FC0024D008 /* RealmSpeciesStorage.swift */,
				C76A01EB2AD265FB0024D008 /* SpeciesStorage.swift */,
			);
			path = Storage;
			sourceTree = "<group>";
		};
		C7D152392AC51B270064D59F = {
			isa = PBXGroup;
			children = (
				C7D152442AC51B270064D59F /* RepCare */,
				C7D152432AC51B270064D59F /* Products */,
			);
			sourceTree = "<group>";
		};
		C7D152432AC51B270064D59F /* Products */ = {
			isa = PBXGroup;
			children = (
				C7D152422AC51B270064D59F /* RepCare.app */,
			);
			name = Products;
			sourceTree = "<group>";
		};
		C7D152442AC51B270064D59F /* RepCare */ = {
			isa = PBXGroup;
			children = (
				C7D1525A2AC6D17B0064D59F /* Source */,
				C7D152592AC6D16C0064D59F /* Resource */,
			);
			path = RepCare;
			sourceTree = "<group>";
		};
		C7D152592AC6D16C0064D59F /* Resource */ = {
			isa = PBXGroup;
			children = (
				C7F5F4AB2AD1986200ACFC76 /* repcare.realm */,
				C7D1524E2AC51B280064D59F /* Assets.xcassets */,
				C7D152502AC51B280064D59F /* LaunchScreen.storyboard */,
				C7D152532AC51B280064D59F /* Info.plist */,
			);
			path = Resource;
			sourceTree = "<group>";
		};
		C7D1525A2AC6D17B0064D59F /* Source */ = {
			isa = PBXGroup;
			children = (
				C7D152A32AC8566C0064D59F /* Domain */,
				C7D1529F2AC8234F0064D59F /* Data */,
				C7D1525B2AC6E7580064D59F /* Application */,
				C7D1525C2AC6E7910064D59F /* Presentation */,
			);
			path = Source;
			sourceTree = "<group>";
		};
		C7D1525B2AC6E7580064D59F /* Application */ = {
			isa = PBXGroup;
			children = (
				C7D152452AC51B270064D59F /* AppDelegate.swift */,
				C7D152472AC51B270064D59F /* SceneDelegate.swift */,
			);
			path = Application;
			sourceTree = "<group>";
		};
		C7D1525C2AC6E7910064D59F /* Presentation */ = {
			isa = PBXGroup;
			children = (
				C7273B9F2AD43C22004B7A6F /* Model */,
				C7273B9C2AD4279E004B7A6F /* Extension */,
				C7F5F42B2ACE870D00ACFC76 /* ClassSpeciesMorph */,
				C7F5F41A2ACD67E100ACFC76 /* RegisterPet */,
				C7D152ED2ACAA4160064D59F /* Base */,
				C7D152602AC70B100064D59F /* PetList */,
				C7D1525F2AC70B080064D59F /* Utils */,
			);
			path = Presentation;
			sourceTree = "<group>";
		};
		C7D1525F2AC70B080064D59F /* Utils */ = {
			isa = PBXGroup;
			children = (
				C7D1525D2AC6E7AC0064D59F /* Color.swift */,
			);
			path = Utils;
			sourceTree = "<group>";
		};
		C7D152602AC70B100064D59F /* PetList */ = {
			isa = PBXGroup;
			children = (
				C7F5F4112ACD3FE600ACFC76 /* ViewModel */,
				C7D152F02ACAA5AA0064D59F /* View */,
				C7D152612AC70B3E0064D59F /* PetListViewController.swift */,
			);
			path = PetList;
			sourceTree = "<group>";
		};
		C7D1529F2AC8234F0064D59F /* Data */ = {
			isa = PBXGroup;
			children = (
				C76A01E82AD264D00024D008 /* Storage */,
				C7F5F4A82AD1073000ACFC76 /* DTO */,
				C7F5F4A52AD1024300ACFC76 /* RealmRepository */,
				C7D152A02AC823540064D59F /* Object */,
			);
			path = Data;
			sourceTree = "<group>";
		};
		C7D152A02AC823540064D59F /* Object */ = {
			isa = PBXGroup;
			children = (
				C7D152A12AC855F60064D59F /* PetClassObject.swift */,
				C7D152A72AC8F9D60064D59F /* PetSpeciesObject.swift */,
				C7F5F4382ACEEA9200ACFC76 /* DetailSpeciesObject.swift */,
				C7D152A92AC91E320064D59F /* PetObject.swift */,
				C7F5F43A2ACF112700ACFC76 /* MorphObject.swift */,
				C7D152D02AC93B3D0064D59F /* WeightObject.swift */,
			);
			path = Object;
			sourceTree = "<group>";
		};
		C7D152A32AC8566C0064D59F /* Domain */ = {
			isa = PBXGroup;
			children = (
				C7D152D72AC999190064D59F /* Entities */,
				C7D152D62AC998AC0064D59F /* Repositories */,
				C7D152D32AC995150064D59F /* UseCases */,
				C7D152EB2ACA5EA70064D59F /* Rule.swift */,
			);
			path = Domain;
			sourceTree = "<group>";
		};
		C7D152D32AC995150064D59F /* UseCases */ = {
			isa = PBXGroup;
			children = (
				C7D152D42AC998900064D59F /* FetchPetListUseCase.swift */,
			);
			path = UseCases;
			sourceTree = "<group>";
		};
		C7D152D62AC998AC0064D59F /* Repositories */ = {
			isa = PBXGroup;
			children = (
				C7D152E52AC9B5100064D59F /* PetRepository.swift */,
				C7F5F4322ACE87AA00ACFC76 /* SpeciesRepository.swift */,
			);
			path = Repositories;
			sourceTree = "<group>";
		};
		C7D152D72AC999190064D59F /* Entities */ = {
			isa = PBXGroup;
			children = (
				C7D152E72AC9BA660064D59F /* Pet */,
			);
			path = Entities;
			sourceTree = "<group>";
		};
		C7D152E72AC9BA660064D59F /* Pet */ = {
			isa = PBXGroup;
			children = (
				C7D152D82AC999350064D59F /* PetClass.swift */,
				C7D152DA2AC999AB0064D59F /* Species.swift */,
				C76A01F12AD26E550024D008 /* DetailSpecies.swift */,
				C7D152DC2AC99B950064D59F /* Pet.swift */,
				C7D152DE2AC99BF90064D59F /* Morph.swift */,
				C7D152E02AC99F980064D59F /* Gender.swift */,
				C7D152E32AC9A7F00064D59F /* Weight.swift */,
			);
			path = Pet;
			sourceTree = "<group>";
		};
		C7D152ED2ACAA4160064D59F /* Base */ = {
			isa = PBXGroup;
			children = (
				C7D152EE2ACAA4250064D59F /* BaseViewController.swift */,
			);
			path = Base;
			sourceTree = "<group>";
		};
		C7D152F02ACAA5AA0064D59F /* View */ = {
			isa = PBXGroup;
			children = (
				C7D152F32ACAA8520064D59F /* Cell */,
				C7D152F12ACAA5B90064D59F /* PetListView.swift */,
			);
			path = View;
			sourceTree = "<group>";
		};
		C7D152F32ACAA8520064D59F /* Cell */ = {
			isa = PBXGroup;
			children = (
				C7A4C3072ACC18A300E299B0 /* PetClassCollectionViewCell.swift */,
				C7A4C3082ACC18A300E299B0 /* PetCollectionViewCell.swift */,
			);
			path = Cell;
			sourceTree = "<group>";
		};
		C7F5F4112ACD3FE600ACFC76 /* ViewModel */ = {
			isa = PBXGroup;
			children = (
				C7F5F4122ACD400700ACFC76 /* PetListViewModel.swift */,
				C7F5F4152ACD403200ACFC76 /* PetClassItemViewModel.swift */,
			);
			path = ViewModel;
			sourceTree = "<group>";
		};
		C7F5F41A2ACD67E100ACFC76 /* RegisterPet */ = {
			isa = PBXGroup;
			children = (
				C7F5F4282ACE86E800ACFC76 /* ViewModel */,
				C7F5F41D2ACE371700ACFC76 /* View */,
				C7F5F41B2ACD680400ACFC76 /* RegisterNewPetViewController.swift */,
			);
			path = RegisterPet;
			sourceTree = "<group>";
		};
		C7F5F41D2ACE371700ACFC76 /* View */ = {
			isa = PBXGroup;
			children = (
				C7F5F4992ACFD1C700ACFC76 /* CustomView */,
				C7F5F41E2ACE372D00ACFC76 /* RegisterPetView.swift */,
			);
			path = View;
			sourceTree = "<group>";
		};
		C7F5F4282ACE86E800ACFC76 /* ViewModel */ = {
			isa = PBXGroup;
			children = (
				C7F5F4292ACE870300ACFC76 /* RegisterPetViewModel.swift */,
			);
			path = ViewModel;
			sourceTree = "<group>";
		};
		C7F5F42B2ACE870D00ACFC76 /* ClassSpeciesMorph */ = {
			isa = PBXGroup;
			children = (
				C7F5F4342ACE8A5400ACFC76 /* View */,
				C7F5F42E2ACE874700ACFC76 /* ViewModel */,
				C7F5F42C2ACE873F00ACFC76 /* ClassSpeciesMorphViewController.swift */,
			);
			path = ClassSpeciesMorph;
			sourceTree = "<group>";
		};
		C7F5F42E2ACE874700ACFC76 /* ViewModel */ = {
			isa = PBXGroup;
			children = (
				C7F5F42F2ACE875900ACFC76 /* ClassSpeciesMorphViewModel.swift */,
			);
			path = ViewModel;
			sourceTree = "<group>";
		};
		C7F5F4342ACE8A5400ACFC76 /* View */ = {
			isa = PBXGroup;
			children = (
				C7F5F49D2AD03A0600ACFC76 /* ReusableView */,
				C7F5F4352ACE8A6400ACFC76 /* SpeciesView.swift */,
			);
			path = View;
			sourceTree = "<group>";
		};
		C7F5F4992ACFD1C700ACFC76 /* CustomView */ = {
			isa = PBXGroup;
			children = (
				C7F5F4202ACE551600ACFC76 /* ActionButton.swift */,
				C7F5F4222ACE5A2500ACFC76 /* CustomTextField.swift */,
				C7F5F4242ACE5BA500ACFC76 /* RegisterInputView.swift */,
				C7273BAE2AD55D18004B7A6F /* DatePickerButton.swift */,
			);
			path = CustomView;
			sourceTree = "<group>";
		};
		C7F5F49D2AD03A0600ACFC76 /* ReusableView */ = {
			isa = PBXGroup;
			children = (
				C7F5F49B2ACFFB7000ACFC76 /* SpeciesCell.swift */,
				C7273B9A2AD2E71E004B7A6F /* RegisterCollectionViewCell.swift */,
				C7F5F49E2AD03A2E00ACFC76 /* SpeciesHeaderView.swift */,
			);
			path = ReusableView;
			sourceTree = "<group>";
		};
		C7F5F4A52AD1024300ACFC76 /* RealmRepository */ = {
			isa = PBXGroup;
			children = (
				C7F5F4A62AD1025300ACFC76 /* DefaultSpeciesRepository.swift */,
			);
			path = RealmRepository;
			sourceTree = "<group>";
		};
		C7F5F4A82AD1073000ACFC76 /* DTO */ = {
			isa = PBXGroup;
			children = (
				C7F5F4A92AD18FC200ACFC76 /* SpeciesRequest+ResponseDTO.swift */,
				C76A01ED2AD2676B0024D008 /* PetClassResponseDTO.swift */,
				C76A01F32AD26E940024D008 /* DetailSpeciesRequest+ResponseDTO.swift */,
				C7B499D92AD2819B00DD325F /* MorphReqeust+ResponseDTO.swift */,
			);
			path = DTO;
			sourceTree = "<group>";
		};
/* End PBXGroup section */

/* Begin PBXNativeTarget section */
		C7D152412AC51B270064D59F /* RepCare */ = {
			isa = PBXNativeTarget;
			buildConfigurationList = C7D152562AC51B280064D59F /* Build configuration list for PBXNativeTarget "RepCare" */;
			buildPhases = (
				C7D1523E2AC51B270064D59F /* Sources */,
				C7D1523F2AC51B270064D59F /* Frameworks */,
				C7D152402AC51B270064D59F /* Resources */,
			);
			buildRules = (
			);
			dependencies = (
			);
			name = RepCare;
			packageProductDependencies = (
				C7D152642AC7DADC0064D59F /* Realm */,
				C7D152662AC7DADC0064D59F /* RealmSwift */,
				C7D152902AC7F9E40064D59F /* RxCocoa */,
				C7D152942AC7F9E40064D59F /* RxRelay */,
				C7D152982AC7F9E40064D59F /* RxSwift */,
				C7D1529D2AC7FAE80064D59F /* SnapKit */,
			);
			productName = RepCare;
			productReference = C7D152422AC51B270064D59F /* RepCare.app */;
			productType = "com.apple.product-type.application";
		};
/* End PBXNativeTarget section */

/* Begin PBXProject section */
		C7D1523A2AC51B270064D59F /* Project object */ = {
			isa = PBXProject;
			attributes = {
				BuildIndependentTargetsInParallel = 1;
				LastSwiftUpdateCheck = 1500;
				LastUpgradeCheck = 1500;
				TargetAttributes = {
					C7D152412AC51B270064D59F = {
						CreatedOnToolsVersion = 15.0;
					};
				};
			};
			buildConfigurationList = C7D1523D2AC51B270064D59F /* Build configuration list for PBXProject "RepCare" */;
			compatibilityVersion = "Xcode 14.0";
			developmentRegion = en;
			hasScannedForEncodings = 0;
			knownRegions = (
				en,
				Base,
			);
			mainGroup = C7D152392AC51B270064D59F;
			packageReferences = (
				C7D152632AC7DADC0064D59F /* XCRemoteSwiftPackageReference "realm-swift" */,
				C7D1528F2AC7F9E40064D59F /* XCRemoteSwiftPackageReference "RxSwift" */,
				C7D1529C2AC7FAE80064D59F /* XCRemoteSwiftPackageReference "SnapKit" */,
			);
			productRefGroup = C7D152432AC51B270064D59F /* Products */;
			projectDirPath = "";
			projectRoot = "";
			targets = (
				C7D152412AC51B270064D59F /* RepCare */,
			);
		};
/* End PBXProject section */

/* Begin PBXResourcesBuildPhase section */
		C7D152402AC51B270064D59F /* Resources */ = {
			isa = PBXResourcesBuildPhase;
			buildActionMask = 2147483647;
			files = (
				C7F5F4AC2AD1986200ACFC76 /* repcare.realm in Resources */,
				C7D152522AC51B280064D59F /* LaunchScreen.storyboard in Resources */,
				C7D1524F2AC51B280064D59F /* Assets.xcassets in Resources */,
			);
			runOnlyForDeploymentPostprocessing = 0;
		};
/* End PBXResourcesBuildPhase section */

/* Begin PBXSourcesBuildPhase section */
		C7D1523E2AC51B270064D59F /* Sources */ = {
			isa = PBXSourcesBuildPhase;
			buildActionMask = 2147483647;
			files = (
				C7F5F4232ACE5A2500ACFC76 /* CustomTextField.swift in Sources */,
				C7F5F43B2ACF112700ACFC76 /* MorphObject.swift in Sources */,
				C7D152DB2AC999AB0064D59F /* Species.swift in Sources */,
				C7273BA12AD43DC2004B7A6F /* PetClassModel.swift in Sources */,
				C7F5F4252ACE5BA500ACFC76 /* RegisterInputView.swift in Sources */,
				C7D152A22AC855F60064D59F /* PetClassObject.swift in Sources */,
				C7273BA52AD43FB4004B7A6F /* DetailPetSpeciesModel.swift in Sources */,
				C7F5F41C2ACD680400ACFC76 /* RegisterNewPetViewController.swift in Sources */,
				C7D152462AC51B270064D59F /* AppDelegate.swift in Sources */,
				C7F5F4332ACE87AA00ACFC76 /* SpeciesRepository.swift in Sources */,
				C7D152EC2ACA5EA70064D59F /* Rule.swift in Sources */,
				C7B499DA2AD2819B00DD325F /* MorphReqeust+ResponseDTO.swift in Sources */,
				C7F5F41F2ACE372D00ACFC76 /* RegisterPetView.swift in Sources */,
				C7F5F4132ACD400700ACFC76 /* PetListViewModel.swift in Sources */,
				C7273BA72AD44016004B7A6F /* GenderModel.swift in Sources */,
				C7F5F4162ACD403200ACFC76 /* PetClassItemViewModel.swift in Sources */,
				C7D152D92AC999350064D59F /* PetClass.swift in Sources */,
				C7273B9E2AD427B8004B7A6F /* UITextField+.swift in Sources */,
				C7F5F4392ACEEA9200ACFC76 /* DetailSpeciesObject.swift in Sources */,
				C7A4C30A2ACC18A300E299B0 /* PetCollectionViewCell.swift in Sources */,
				C7F5F4AA2AD18FC200ACFC76 /* SpeciesRequest+ResponseDTO.swift in Sources */,
				C7D152EF2ACAA4250064D59F /* BaseViewController.swift in Sources */,
				C7273BAD2AD4D8CC004B7A6F /* PetOverSpeciesModel.swift in Sources */,
				C7D152D52AC998900064D59F /* FetchPetListUseCase.swift in Sources */,
				C76A01F42AD26E940024D008 /* DetailSpeciesRequest+ResponseDTO.swift in Sources */,
				C7D152AA2AC91E320064D59F /* PetObject.swift in Sources */,
				C7F5F4212ACE551600ACFC76 /* ActionButton.swift in Sources */,
				C7273B9B2AD2E71E004B7A6F /* RegisterCollectionViewCell.swift in Sources */,
				C7D152E12AC99F980064D59F /* Gender.swift in Sources */,
				C7D152E62AC9B5100064D59F /* PetRepository.swift in Sources */,
				C7D152482AC51B270064D59F /* SceneDelegate.swift in Sources */,
				C7F5F42D2ACE873F00ACFC76 /* ClassSpeciesMorphViewController.swift in Sources */,
				C7D152D12AC93B3D0064D59F /* WeightObject.swift in Sources */,
				C7D152DF2AC99BF90064D59F /* Morph.swift in Sources */,
				C7D152622AC70B3E0064D59F /* PetListViewController.swift in Sources */,
				C7A4C3092ACC18A300E299B0 /* PetClassCollectionViewCell.swift in Sources */,
				C76A01EE2AD2676B0024D008 /* PetClassResponseDTO.swift in Sources */,
				C76A01EC2AD265FB0024D008 /* SpeciesStorage.swift in Sources */,
				C76A01F22AD26E550024D008 /* DetailSpecies.swift in Sources */,
				C7D152E42AC9A7F00064D59F /* Weight.swift in Sources */,
				C7273BAB2AD444B5004B7A6F /* MorphModel.swift in Sources */,
				C7D152DD2AC99B950064D59F /* Pet.swift in Sources */,
				C76A01EA2AD264FC0024D008 /* RealmSpeciesStorage.swift in Sources */,
				C7273BA92AD44048004B7A6F /* PetModel.swift in Sources */,
				C7F5F49F2AD03A2E00ACFC76 /* SpeciesHeaderView.swift in Sources */,
				C7D152A82AC8F9D60064D59F /* PetSpeciesObject.swift in Sources */,
				C7273BA32AD43F10004B7A6F /* PetSpeciesModel.swift in Sources */,
				C7273BAF2AD55D18004B7A6F /* DatePickerButton.swift in Sources */,
				C7F5F49C2ACFFB7000ACFC76 /* SpeciesCell.swift in Sources */,
				C7F5F4362ACE8A6400ACFC76 /* SpeciesView.swift in Sources */,
				C7F5F42A2ACE870300ACFC76 /* RegisterPetViewModel.swift in Sources */,
				C7F5F4A72AD1025300ACFC76 /* DefaultSpeciesRepository.swift in Sources */,
				C7D1525E2AC6E7AC0064D59F /* Color.swift in Sources */,
				C7F5F4302ACE875900ACFC76 /* ClassSpeciesMorphViewModel.swift in Sources */,
				C7D152F22ACAA5B90064D59F /* PetListView.swift in Sources */,
			);
			runOnlyForDeploymentPostprocessing = 0;
		};
/* End PBXSourcesBuildPhase section */

/* Begin PBXVariantGroup section */
		C7D152502AC51B280064D59F /* LaunchScreen.storyboard */ = {
			isa = PBXVariantGroup;
			children = (
				C7D152512AC51B280064D59F /* Base */,
			);
			name = LaunchScreen.storyboard;
			sourceTree = "<group>";
		};
/* End PBXVariantGroup section */

/* Begin XCBuildConfiguration section */
		C7D152542AC51B280064D59F /* Debug */ = {
			isa = XCBuildConfiguration;
			buildSettings = {
				ALWAYS_SEARCH_USER_PATHS = NO;
				ASSETCATALOG_COMPILER_GENERATE_SWIFT_ASSET_SYMBOL_EXTENSIONS = YES;
				CLANG_ANALYZER_NONNULL = YES;
				CLANG_ANALYZER_NUMBER_OBJECT_CONVERSION = YES_AGGRESSIVE;
				CLANG_CXX_LANGUAGE_STANDARD = "gnu++20";
				CLANG_ENABLE_MODULES = YES;
				CLANG_ENABLE_OBJC_ARC = YES;
				CLANG_ENABLE_OBJC_WEAK = YES;
				CLANG_WARN_BLOCK_CAPTURE_AUTORELEASING = YES;
				CLANG_WARN_BOOL_CONVERSION = YES;
				CLANG_WARN_COMMA = YES;
				CLANG_WARN_CONSTANT_CONVERSION = YES;
				CLANG_WARN_DEPRECATED_OBJC_IMPLEMENTATIONS = YES;
				CLANG_WARN_DIRECT_OBJC_ISA_USAGE = YES_ERROR;
				CLANG_WARN_DOCUMENTATION_COMMENTS = YES;
				CLANG_WARN_EMPTY_BODY = YES;
				CLANG_WARN_ENUM_CONVERSION = YES;
				CLANG_WARN_INFINITE_RECURSION = YES;
				CLANG_WARN_INT_CONVERSION = YES;
				CLANG_WARN_NON_LITERAL_NULL_CONVERSION = YES;
				CLANG_WARN_OBJC_IMPLICIT_RETAIN_SELF = YES;
				CLANG_WARN_OBJC_LITERAL_CONVERSION = YES;
				CLANG_WARN_OBJC_ROOT_CLASS = YES_ERROR;
				CLANG_WARN_QUOTED_INCLUDE_IN_FRAMEWORK_HEADER = YES;
				CLANG_WARN_RANGE_LOOP_ANALYSIS = YES;
				CLANG_WARN_STRICT_PROTOTYPES = YES;
				CLANG_WARN_SUSPICIOUS_MOVE = YES;
				CLANG_WARN_UNGUARDED_AVAILABILITY = YES_AGGRESSIVE;
				CLANG_WARN_UNREACHABLE_CODE = YES;
				CLANG_WARN__DUPLICATE_METHOD_MATCH = YES;
				COPY_PHASE_STRIP = NO;
				DEBUG_INFORMATION_FORMAT = dwarf;
				ENABLE_STRICT_OBJC_MSGSEND = YES;
				ENABLE_TESTABILITY = YES;
				ENABLE_USER_SCRIPT_SANDBOXING = YES;
				GCC_C_LANGUAGE_STANDARD = gnu17;
				GCC_DYNAMIC_NO_PIC = NO;
				GCC_NO_COMMON_BLOCKS = YES;
				GCC_OPTIMIZATION_LEVEL = 0;
				GCC_PREPROCESSOR_DEFINITIONS = (
					"DEBUG=1",
					"$(inherited)",
				);
				GCC_WARN_64_TO_32_BIT_CONVERSION = YES;
				GCC_WARN_ABOUT_RETURN_TYPE = YES_ERROR;
				GCC_WARN_UNDECLARED_SELECTOR = YES;
				GCC_WARN_UNINITIALIZED_AUTOS = YES_AGGRESSIVE;
				GCC_WARN_UNUSED_FUNCTION = YES;
				GCC_WARN_UNUSED_VARIABLE = YES;
				IPHONEOS_DEPLOYMENT_TARGET = 17.0;
				LOCALIZATION_PREFERS_STRING_CATALOGS = YES;
				MTL_ENABLE_DEBUG_INFO = INCLUDE_SOURCE;
				MTL_FAST_MATH = YES;
				ONLY_ACTIVE_ARCH = YES;
				SDKROOT = iphoneos;
				SWIFT_ACTIVE_COMPILATION_CONDITIONS = "DEBUG $(inherited)";
				SWIFT_OPTIMIZATION_LEVEL = "-Onone";
			};
			name = Debug;
		};
		C7D152552AC51B280064D59F /* Release */ = {
			isa = XCBuildConfiguration;
			buildSettings = {
				ALWAYS_SEARCH_USER_PATHS = NO;
				ASSETCATALOG_COMPILER_GENERATE_SWIFT_ASSET_SYMBOL_EXTENSIONS = YES;
				CLANG_ANALYZER_NONNULL = YES;
				CLANG_ANALYZER_NUMBER_OBJECT_CONVERSION = YES_AGGRESSIVE;
				CLANG_CXX_LANGUAGE_STANDARD = "gnu++20";
				CLANG_ENABLE_MODULES = YES;
				CLANG_ENABLE_OBJC_ARC = YES;
				CLANG_ENABLE_OBJC_WEAK = YES;
				CLANG_WARN_BLOCK_CAPTURE_AUTORELEASING = YES;
				CLANG_WARN_BOOL_CONVERSION = YES;
				CLANG_WARN_COMMA = YES;
				CLANG_WARN_CONSTANT_CONVERSION = YES;
				CLANG_WARN_DEPRECATED_OBJC_IMPLEMENTATIONS = YES;
				CLANG_WARN_DIRECT_OBJC_ISA_USAGE = YES_ERROR;
				CLANG_WARN_DOCUMENTATION_COMMENTS = YES;
				CLANG_WARN_EMPTY_BODY = YES;
				CLANG_WARN_ENUM_CONVERSION = YES;
				CLANG_WARN_INFINITE_RECURSION = YES;
				CLANG_WARN_INT_CONVERSION = YES;
				CLANG_WARN_NON_LITERAL_NULL_CONVERSION = YES;
				CLANG_WARN_OBJC_IMPLICIT_RETAIN_SELF = YES;
				CLANG_WARN_OBJC_LITERAL_CONVERSION = YES;
				CLANG_WARN_OBJC_ROOT_CLASS = YES_ERROR;
				CLANG_WARN_QUOTED_INCLUDE_IN_FRAMEWORK_HEADER = YES;
				CLANG_WARN_RANGE_LOOP_ANALYSIS = YES;
				CLANG_WARN_STRICT_PROTOTYPES = YES;
				CLANG_WARN_SUSPICIOUS_MOVE = YES;
				CLANG_WARN_UNGUARDED_AVAILABILITY = YES_AGGRESSIVE;
				CLANG_WARN_UNREACHABLE_CODE = YES;
				CLANG_WARN__DUPLICATE_METHOD_MATCH = YES;
				COPY_PHASE_STRIP = NO;
				DEBUG_INFORMATION_FORMAT = "dwarf-with-dsym";
				ENABLE_NS_ASSERTIONS = NO;
				ENABLE_STRICT_OBJC_MSGSEND = YES;
				ENABLE_USER_SCRIPT_SANDBOXING = YES;
				GCC_C_LANGUAGE_STANDARD = gnu17;
				GCC_NO_COMMON_BLOCKS = YES;
				GCC_WARN_64_TO_32_BIT_CONVERSION = YES;
				GCC_WARN_ABOUT_RETURN_TYPE = YES_ERROR;
				GCC_WARN_UNDECLARED_SELECTOR = YES;
				GCC_WARN_UNINITIALIZED_AUTOS = YES_AGGRESSIVE;
				GCC_WARN_UNUSED_FUNCTION = YES;
				GCC_WARN_UNUSED_VARIABLE = YES;
				IPHONEOS_DEPLOYMENT_TARGET = 17.0;
				LOCALIZATION_PREFERS_STRING_CATALOGS = YES;
				MTL_ENABLE_DEBUG_INFO = NO;
				MTL_FAST_MATH = YES;
				SDKROOT = iphoneos;
				SWIFT_COMPILATION_MODE = wholemodule;
				VALIDATE_PRODUCT = YES;
			};
			name = Release;
		};
		C7D152572AC51B280064D59F /* Debug */ = {
			isa = XCBuildConfiguration;
			buildSettings = {
				ASSETCATALOG_COMPILER_APPICON_NAME = AppIcon;
				ASSETCATALOG_COMPILER_GLOBAL_ACCENT_COLOR_NAME = AccentColor;
				CODE_SIGN_STYLE = Automatic;
				CURRENT_PROJECT_VERSION = 1;
				DEVELOPMENT_TEAM = SBAHW5F54N;
				GENERATE_INFOPLIST_FILE = YES;
				INFOPLIST_FILE = RepCare/Resource/Info.plist;
				INFOPLIST_KEY_UIApplicationSupportsIndirectInputEvents = YES;
				INFOPLIST_KEY_UILaunchStoryboardName = LaunchScreen;
				INFOPLIST_KEY_UISupportedInterfaceOrientations = UIInterfaceOrientationPortrait;
				INFOPLIST_KEY_UISupportedInterfaceOrientations_iPad = "UIInterfaceOrientationLandscapeLeft UIInterfaceOrientationLandscapeRight UIInterfaceOrientationPortrait UIInterfaceOrientationPortraitUpsideDown";
				IPHONEOS_DEPLOYMENT_TARGET = 15.0;
				LD_RUNPATH_SEARCH_PATHS = (
					"$(inherited)",
					"@executable_path/Frameworks",
				);
				MARKETING_VERSION = 1.0;
				PRODUCT_BUNDLE_IDENTIFIER = com.kimjunhwan.RepCare;
				PRODUCT_NAME = "$(TARGET_NAME)";
				SUPPORTED_PLATFORMS = "iphoneos iphonesimulator";
				SUPPORTS_MACCATALYST = NO;
				SUPPORTS_MAC_DESIGNED_FOR_IPHONE_IPAD = NO;
				SWIFT_EMIT_LOC_STRINGS = YES;
				SWIFT_VERSION = 5.0;
				TARGETED_DEVICE_FAMILY = 1;
			};
			name = Debug;
		};
		C7D152582AC51B280064D59F /* Release */ = {
			isa = XCBuildConfiguration;
			buildSettings = {
				ASSETCATALOG_COMPILER_APPICON_NAME = AppIcon;
				ASSETCATALOG_COMPILER_GLOBAL_ACCENT_COLOR_NAME = AccentColor;
				CODE_SIGN_STYLE = Automatic;
				CURRENT_PROJECT_VERSION = 1;
				DEVELOPMENT_TEAM = SBAHW5F54N;
				GENERATE_INFOPLIST_FILE = YES;
				INFOPLIST_FILE = RepCare/Resource/Info.plist;
				INFOPLIST_KEY_UIApplicationSupportsIndirectInputEvents = YES;
				INFOPLIST_KEY_UILaunchStoryboardName = LaunchScreen;
				INFOPLIST_KEY_UISupportedInterfaceOrientations = UIInterfaceOrientationPortrait;
				INFOPLIST_KEY_UISupportedInterfaceOrientations_iPad = "UIInterfaceOrientationLandscapeLeft UIInterfaceOrientationLandscapeRight UIInterfaceOrientationPortrait UIInterfaceOrientationPortraitUpsideDown";
				IPHONEOS_DEPLOYMENT_TARGET = 15.0;
				LD_RUNPATH_SEARCH_PATHS = (
					"$(inherited)",
					"@executable_path/Frameworks",
				);
				MARKETING_VERSION = 1.0;
				PRODUCT_BUNDLE_IDENTIFIER = com.kimjunhwan.RepCare;
				PRODUCT_NAME = "$(TARGET_NAME)";
				SUPPORTED_PLATFORMS = "iphoneos iphonesimulator";
				SUPPORTS_MACCATALYST = NO;
				SUPPORTS_MAC_DESIGNED_FOR_IPHONE_IPAD = NO;
				SWIFT_EMIT_LOC_STRINGS = YES;
				SWIFT_VERSION = 5.0;
				TARGETED_DEVICE_FAMILY = 1;
			};
			name = Release;
		};
/* End XCBuildConfiguration section */

/* Begin XCConfigurationList section */
		C7D1523D2AC51B270064D59F /* Build configuration list for PBXProject "RepCare" */ = {
			isa = XCConfigurationList;
			buildConfigurations = (
				C7D152542AC51B280064D59F /* Debug */,
				C7D152552AC51B280064D59F /* Release */,
			);
			defaultConfigurationIsVisible = 0;
			defaultConfigurationName = Release;
		};
		C7D152562AC51B280064D59F /* Build configuration list for PBXNativeTarget "RepCare" */ = {
			isa = XCConfigurationList;
			buildConfigurations = (
				C7D152572AC51B280064D59F /* Debug */,
				C7D152582AC51B280064D59F /* Release */,
			);
			defaultConfigurationIsVisible = 0;
			defaultConfigurationName = Release;
		};
/* End XCConfigurationList section */

/* Begin XCRemoteSwiftPackageReference section */
		C7D152632AC7DADC0064D59F /* XCRemoteSwiftPackageReference "realm-swift" */ = {
			isa = XCRemoteSwiftPackageReference;
			repositoryURL = "https://github.com/realm/realm-swift.git";
			requirement = {
				branch = master;
				kind = branch;
			};
		};
		C7D1528F2AC7F9E40064D59F /* XCRemoteSwiftPackageReference "RxSwift" */ = {
			isa = XCRemoteSwiftPackageReference;
			repositoryURL = "https://github.com/ReactiveX/RxSwift";
			requirement = {
				kind = upToNextMajorVersion;
				minimumVersion = 6.6.0;
			};
		};
		C7D1529C2AC7FAE80064D59F /* XCRemoteSwiftPackageReference "SnapKit" */ = {
			isa = XCRemoteSwiftPackageReference;
			repositoryURL = "https://github.com/SnapKit/SnapKit.git";
			requirement = {
				kind = upToNextMajorVersion;
				minimumVersion = 5.6.0;
			};
		};
/* End XCRemoteSwiftPackageReference section */

/* Begin XCSwiftPackageProductDependency section */
		C7D152642AC7DADC0064D59F /* Realm */ = {
			isa = XCSwiftPackageProductDependency;
			package = C7D152632AC7DADC0064D59F /* XCRemoteSwiftPackageReference "realm-swift" */;
			productName = Realm;
		};
		C7D152662AC7DADC0064D59F /* RealmSwift */ = {
			isa = XCSwiftPackageProductDependency;
			package = C7D152632AC7DADC0064D59F /* XCRemoteSwiftPackageReference "realm-swift" */;
			productName = RealmSwift;
		};
		C7D152902AC7F9E40064D59F /* RxCocoa */ = {
			isa = XCSwiftPackageProductDependency;
			package = C7D1528F2AC7F9E40064D59F /* XCRemoteSwiftPackageReference "RxSwift" */;
			productName = RxCocoa;
		};
		C7D152942AC7F9E40064D59F /* RxRelay */ = {
			isa = XCSwiftPackageProductDependency;
			package = C7D1528F2AC7F9E40064D59F /* XCRemoteSwiftPackageReference "RxSwift" */;
			productName = RxRelay;
		};
		C7D152982AC7F9E40064D59F /* RxSwift */ = {
			isa = XCSwiftPackageProductDependency;
			package = C7D1528F2AC7F9E40064D59F /* XCRemoteSwiftPackageReference "RxSwift" */;
			productName = RxSwift;
		};
		C7D1529D2AC7FAE80064D59F /* SnapKit */ = {
			isa = XCSwiftPackageProductDependency;
			package = C7D1529C2AC7FAE80064D59F /* XCRemoteSwiftPackageReference "SnapKit" */;
			productName = SnapKit;
		};
/* End XCSwiftPackageProductDependency section */
	};
	rootObject = C7D1523A2AC51B270064D59F /* Project object */;
}
